<?xml version="1.0" encoding="utf-8"?>
<Project ToolsVersion="4.0" xmlns="http://schemas.microsoft.com/developer/msbuild/2003">
  <ItemGroup>
    <Filter Include="Source Files">
      <UniqueIdentifier>{4FC737F1-C7A5-4376-A066-2A32D752A2FF}</UniqueIdentifier>
      <Extensions>cpp;c;cc;cxx;def;odl;idl;hpj;bat;asm;asmx</Extensions>
    </Filter>
    <Filter Include="Header Files">
      <UniqueIdentifier>{93995380-89BD-4b04-88EB-625FBE52EBFB}</UniqueIdentifier>
      <Extensions>h;hh;hpp;hxx;hm;inl;inc;xsd</Extensions>
    </Filter>
    <Filter Include="Resource Files">
      <UniqueIdentifier>{67DA6AB6-F800-4c08-8B7A-83BB121AAD01}</UniqueIdentifier>
      <Extensions>rc;ico;cur;bmp;dlg;rc2;rct;bin;rgs;gif;jpg;jpeg;jpe;resx;tiff;tif;png;wav;mfcribbon-ms</Extensions>
    </Filter>
    <Filter Include="Header Files\GameStuff">
      <UniqueIdentifier>{92baa015-f042-49dc-a657-22e68626eb39}</UniqueIdentifier>
    </Filter>
    <Filter Include="Source Files\GameStuff">
      <UniqueIdentifier>{a0cc126a-3eb5-4b67-a9d6-e4b9615be4f2}</UniqueIdentifier>
    </Filter>
    <Filter Include="Source Files\Objects">
      <UniqueIdentifier>{3979c8ba-8d19-49bb-bca0-486db035e43b}</UniqueIdentifier>
    </Filter>
    <Filter Include="Header Files\Objects">
      <UniqueIdentifier>{bb4cb4a1-d0c2-4c35-bc25-8ad09fdd7cc6}</UniqueIdentifier>
    </Filter>
    <Filter Include="Header Files\Resource Manager">
      <UniqueIdentifier>{b3f0c07a-c1aa-4a57-b384-9fd3c9f6191c}</UniqueIdentifier>
    </Filter>
    <Filter Include="Source Files\Resource Manager">
      <UniqueIdentifier>{59a1a8aa-b20d-482d-a8ec-eabf3b56b701}</UniqueIdentifier>
    </Filter>
    <Filter Include="Header Files\Datastructs">
      <UniqueIdentifier>{d4bcb076-82c1-477c-9307-54e5a5daae27}</UniqueIdentifier>
    </Filter>
    <Filter Include="Header Files\States">
      <UniqueIdentifier>{748552d4-472d-467e-8a25-0043dfcd4ae1}</UniqueIdentifier>
    </Filter>
  </ItemGroup>
  <ItemGroup>
    <ClCompile Include="Application2D.cpp">
      <Filter>Source Files</Filter>
    </ClCompile>
    <ClCompile Include="main.cpp">
      <Filter>Source Files</Filter>
    </ClCompile>
    <ClCompile Include="AxisABBox.cpp">
      <Filter>Source Files\GameStuff</Filter>
    </ClCompile>
    <ClCompile Include="RoundThings.cpp">
      <Filter>Source Files\GameStuff</Filter>
    </ClCompile>
    <ClCompile Include="ResourceManager.cpp">
      <Filter>Source Files\Resource Manager</Filter>
    </ClCompile>
    <ClCompile Include="RandomObj.cpp">
      <Filter>Source Files\Objects</Filter>
    </ClCompile>
    <ClCompile Include="SmallObj.cpp">
      <Filter>Source Files\Objects</Filter>
    </ClCompile>
    <ClCompile Include="SlowObj.cpp">
      <Filter>Source Files\Objects</Filter>
    </ClCompile>
    <ClCompile Include="FastObj.cpp">
      <Filter>Source Files\Objects</Filter>
    </ClCompile>
    <ClCompile Include="FactoryPool.cpp">
      <Filter>Source Files\GameStuff</Filter>
    </ClCompile>
  </ItemGroup>
  <ItemGroup>
    <ClInclude Include="Application2D.h">
      <Filter>Header Files</Filter>
    </ClInclude>
    <ClInclude Include="AxisABBox.h">
      <Filter>Header Files\GameStuff</Filter>
    </ClInclude>
    <ClInclude Include="RoundThings.h">
      <Filter>Header Files\GameStuff</Filter>
    </ClInclude>
    <ClInclude Include="FiniteStateMachine.h">
      <Filter>Header Files\GameStuff</Filter>
    </ClInclude>
    <ClInclude Include="GameState.h">
      <Filter>Header Files\GameStuff</Filter>
    </ClInclude>
    <ClInclude Include="GameStateManager.h">
      <Filter>Header Files\GameStuff</Filter>
    </ClInclude>
    <ClInclude Include="MenuState.h">
      <Filter>Header Files\States</Filter>
    </ClInclude>
    <ClInclude Include="SplashState.h">
      <Filter>Header Files\States</Filter>
    </ClInclude>
    <ClInclude Include="defines.h">
      <Filter>Header Files</Filter>
    </ClInclude>
    <ClInclude Include="PauseState.h">
      <Filter>Header Files\States</Filter>
    </ClInclude>
    <ClInclude Include="InGameState.h">
      <Filter>Header Files\States</Filter>
    </ClInclude>
    <ClInclude Include="Resource.h">
      <Filter>Header Files\Resource Manager</Filter>
    </ClInclude>
    <ClInclude Include="ResourceManager.h">
      <Filter>Header Files\Resource Manager</Filter>
    </ClInclude>
    <ClInclude Include="ResourceBase.h">
      <Filter>Header Files\Resource Manager</Filter>
    </ClInclude>
    <ClInclude Include="ScoresState.h">
      <Filter>Header Files\States</Filter>
    </ClInclude>
    <ClInclude Include="catch.hpp">
      <Filter>Header Files\Datastructs</Filter>
    </ClInclude>
    <ClInclude Include="DynArray.h">
      <Filter>Header Files\Datastructs</Filter>
    </ClInclude>
    <ClInclude Include="Graph.h">
      <Filter>Header Files\Datastructs</Filter>
    </ClInclude>
    <ClInclude Include="LinkedList.h">
      <Filter>Header Files\Datastructs</Filter>
    </ClInclude>
    <ClInclude Include="Queue.h">
      <Filter>Header Files\Datastructs</Filter>
    </ClInclude>
    <ClInclude Include="Stack.h">
      <Filter>Header Files\Datastructs</Filter>
    </ClInclude>
    <ClInclude Include="IPrototype.h">
      <Filter>Header Files\GameStuff</Filter>
    </ClInclude>
    <ClInclude Include="FactoryPool.h">
      <Filter>Header Files\GameStuff</Filter>
    </ClInclude>
    <ClInclude Include="FastObj.h">
      <Filter>Header Files\Objects</Filter>
    </ClInclude>
    <ClInclude Include="SlowObj.h">
      <Filter>Header Files\Objects</Filter>
    </ClInclude>
    <ClInclude Include="SmallObj.h">
      <Filter>Header Files\Objects</Filter>
    </ClInclude>
    <ClInclude Include="RandomObj.h">
      <Filter>Header Files\Objects</Filter>
    </ClInclude>
    <ClInclude Include="Object.h">
      <Filter>Header Files\Objects</Filter>
    </ClInclude>
  </ItemGroup>
</Project>